
Microsoft Visual Studio Solution File, Format Version 12.00
# Visual Studio Version 16
VisualStudioVersion = 16.0.29025.244
MinimumVisualStudioVersion = 10.0.40219.1
Project("{FAE04EC0-301F-11D3-BF4B-00C04F79EFBC}") = "Exercicio 1", "POO\Exercicio 1.csproj", "{E654F6DF-E901-486E-8E6C-DF7698761123}"
EndProject
Global
	GlobalSection(SolutionConfigurationPlatforms) = preSolution
		Debug|Any CPU = Debug|Any CPU
		Release|Any CPU = Release|Any CPU
	EndGlobalSection
	GlobalSection(ProjectConfigurationPlatforms) = postSolution
		{E654F6DF-E901-486E-8E6C-DF7698761123}.Debug|Any CPU.ActiveCfg = Debug|Any CPU
		{E654F6DF-E901-486E-8E6C-DF7698761123}.Debug|Any CPU.Build.0 = Debug|Any CPU
		{E654F6DF-E901-486E-8E6C-DF7698761123}.Release|Any CPU.ActiveCfg = Release|Any CPU
		{E654F6DF-E901-486E-8E6C-DF7698761123}.Release|Any CPU.Build.0 = Release|Any CPU
	EndGlobalSection
	GlobalSection(SolutionProperties) = preSolution
		HideSolutionNode = FALSE
	EndGlobalSection
	GlobalSection(ExtensibilityGlobals) = postSolution
		SolutionGuid = {5BB0DF08-0D14-470C-9393-C106E5264481}
	EndGlobalSection
EndGlobal
